{
  "name": "frontend",
  "version": "1.0.0",
  "lockfileVersion": 1,
  "requires": true,
  "dependencies": {
    "@iconfu/svg-inject": {
      "version": "1.2.3",
      "resolved": "https://registry.npmjs.org/@iconfu/svg-inject/-/svg-inject-1.2.3.tgz",
      "integrity": "sha512-3v1MUAJqmJS4jmhHoCkSxt+EdJrjPHlLXrWocCT25kCxnxJto8028Z6CC406EL11KA53SDZgI/QQA5GEJAoiRw=="
    },
    "@kurkle/color": {
      "version": "0.3.2",
      "resolved": "https://registry.npmjs.org/@kurkle/color/-/color-0.3.2.tgz",
      "integrity": "sha512-fuscdXJ9G1qb7W8VdHi+IwRqij3lBkosAm4ydQtEmbY58OzHXqQhvlxqEkoz0yssNVn38bcpRWgA9PP+OGoisw=="
    },
    "chart.js": {
      "version": "4.3.0",
      "requires": {
        "@kurkle/color": "^0.3.0"
      }
    }
  }
}
